// !$*UTF8*$!
{
	archiveVersion = 1;
	classes = {
	};
	objectVersion = 46;
	objects = {

/* Begin PBXBuildFile section */
		2912673E16CF842F00FFB202 /* SSLunarDateFormatter.h in CopyFiles */ = {isa = PBXBuildFile; fileRef = 29AFF73E16C2C2CB0093EAB4 /* SSLunarDateFormatter.h */; };
		2912673F16CF845900FFB202 /* libLunar.h in CopyFiles */ = {isa = PBXBuildFile; fileRef = 29AFF73D16C2B33B0093EAB4 /* libLunar.h */; };
		2912674016CF846A00FFB202 /* SSLunarDateType.h in CopyFiles */ = {isa = PBXBuildFile; fileRef = 29177BEB16C386F400E66041 /* SSLunarDateType.h */; };
		29177BF916C38BBF00E66041 /* SSLunarDateFormatter.m in Sources */ = {isa = PBXBuildFile; fileRef = 29177BF816C38BBF00E66041 /* SSLunarDateFormatter.m */; };
		29177BFA16C38BBF00E66041 /* SSLunarDateFormatter.m in Sources */ = {isa = PBXBuildFile; fileRef = 29177BF816C38BBF00E66041 /* SSLunarDateFormatter.m */; };
		291859F617C9E10F004B4B63 /* SSHolidayTW.m in Sources */ = {isa = PBXBuildFile; fileRef = 291859F517C9E10F004B4B63 /* SSHolidayTW.m */; };
		291859F917CA0523004B4B63 /* SSHolidayCA.m in Sources */ = {isa = PBXBuildFile; fileRef = 291859F817CA0523004B4B63 /* SSHolidayCA.m */; };
		291859FD17CA07B4004B4B63 /* SSHolidayHK.m in Sources */ = {isa = PBXBuildFile; fileRef = 291859FC17CA07B4004B4B63 /* SSHolidayHK.m */; };
		29185A0017CA07C5004B4B63 /* SSHolidayUK.m in Sources */ = {isa = PBXBuildFile; fileRef = 291859FF17CA07C5004B4B63 /* SSHolidayUK.m */; };
		29468AB017C27464001B14D1 /* SSHolidayWest.m in Sources */ = {isa = PBXBuildFile; fileRef = 29468AAE17C27463001B14D1 /* SSHolidayWest.m */; };
		29468AB317C28338001B14D1 /* SSHolidayWest.m in Sources */ = {isa = PBXBuildFile; fileRef = 29468AAE17C27463001B14D1 /* SSHolidayWest.m */; };
		29AD3C7216D4F8DF002E6543 /* SSHolidayManager.m in Sources */ = {isa = PBXBuildFile; fileRef = 29AD3C7116D4F8DF002E6543 /* SSHolidayManager.m */; };
		29AD3C7316D4F8DF002E6543 /* SSHolidayManager.m in Sources */ = {isa = PBXBuildFile; fileRef = 29AD3C7116D4F8DF002E6543 /* SSHolidayManager.m */; };
		29AD3C7616D4F9DB002E6543 /* SSLunarDateHoliday.m in Sources */ = {isa = PBXBuildFile; fileRef = 29AD3C7516D4F9DB002E6543 /* SSLunarDateHoliday.m */; };
		29AD3C7716D4F9DB002E6543 /* SSLunarDateHoliday.m in Sources */ = {isa = PBXBuildFile; fileRef = 29AD3C7516D4F9DB002E6543 /* SSLunarDateHoliday.m */; };
		29AD3C7816D600AA002E6543 /* SSHolidayManager.h in CopyFiles */ = {isa = PBXBuildFile; fileRef = 29AD3C7016D4F8DF002E6543 /* SSHolidayManager.h */; };
		29AD3C8616D62354002E6543 /* SSHolidayTests.m in Sources */ = {isa = PBXBuildFile; fileRef = 29AD3C8516D62354002E6543 /* SSHolidayTests.m */; };
		29AFF70E16C223E80093EAB4 /* Foundation.framework in Frameworks */ = {isa = PBXBuildFile; fileRef = 29AFF70D16C223E80093EAB4 /* Foundation.framework */; };
		29AFF71316C223E80093EAB4 /* SSLunarDate.h in CopyFiles */ = {isa = PBXBuildFile; fileRef = 29AFF71216C223E80093EAB4 /* SSLunarDate.h */; };
		29AFF71516C223E80093EAB4 /* SSLunarDate.m in Sources */ = {isa = PBXBuildFile; fileRef = 29AFF71416C223E80093EAB4 /* SSLunarDate.m */; };
		29AFF71D16C223E80093EAB4 /* SenTestingKit.framework in Frameworks */ = {isa = PBXBuildFile; fileRef = 29AFF71C16C223E80093EAB4 /* SenTestingKit.framework */; };
		29AFF72016C223E80093EAB4 /* Foundation.framework in Frameworks */ = {isa = PBXBuildFile; fileRef = 29AFF70D16C223E80093EAB4 /* Foundation.framework */; };
		29AFF72316C223E80093EAB4 /* libSSLunarDate.a in Frameworks */ = {isa = PBXBuildFile; fileRef = 29AFF70A16C223E80093EAB4 /* libSSLunarDate.a */; };
		29AFF72916C223E80093EAB4 /* InfoPlist.strings in Resources */ = {isa = PBXBuildFile; fileRef = 29AFF72716C223E80093EAB4 /* InfoPlist.strings */; };
		29AFF72C16C223E80093EAB4 /* SSLunarDateTests.m in Sources */ = {isa = PBXBuildFile; fileRef = 29AFF72B16C223E80093EAB4 /* SSLunarDateTests.m */; };
		29AFF73716C226C40093EAB4 /* libLunar.c in Sources */ = {isa = PBXBuildFile; fileRef = 29AFF73616C226C40093EAB4 /* libLunar.c */; };
		29AFF73A16C227550093EAB4 /* SSLunarDate.m in Sources */ = {isa = PBXBuildFile; fileRef = 29AFF71416C223E80093EAB4 /* SSLunarDate.m */; };
		29AFF73B16C227550093EAB4 /* libLunar.c in Sources */ = {isa = PBXBuildFile; fileRef = 29AFF73616C226C40093EAB4 /* libLunar.c */; };
		29D5CF5116EA2D360095319A /* LunarDateFormatter.strings in Resources */ = {isa = PBXBuildFile; fileRef = 29177BF516C38B2900E66041 /* LunarDateFormatter.strings */; };
		29D5CF5316EA2D700095319A /* SSLunarDateTests-Info.plist in Sources */ = {isa = PBXBuildFile; fileRef = 29AFF72616C223E80093EAB4 /* SSLunarDateTests-Info.plist */; };
		29F0073717C290E200C867E7 /* SSHolidayWestTestCase.m in Sources */ = {isa = PBXBuildFile; fileRef = 29F0073617C290E200C867E7 /* SSHolidayWestTestCase.m */; };
		29F0073A17C9B00F00C867E7 /* SSHolidayCountry.m in Sources */ = {isa = PBXBuildFile; fileRef = 29F0073917C9B00F00C867E7 /* SSHolidayCountry.m */; };
		29F0073D17C9B30E00C867E7 /* SSHolidayChina.m in Sources */ = {isa = PBXBuildFile; fileRef = 29F0073C17C9B30E00C867E7 /* SSHolidayChina.m */; };
		29F0074417C9BCEB00C867E7 /* SSHolidayUS.m in Sources */ = {isa = PBXBuildFile; fileRef = 29F0074317C9BCEB00C867E7 /* SSHolidayUS.m */; };
/* End PBXBuildFile section */

/* Begin PBXBuildRule section */
		29D5CF5216EA2D550095319A /* PBXBuildRule */ = {
			isa = PBXBuildRule;
			compilerSpec = com.apple.compilers.proxy.script;
			fileType = text.plist.strings;
			isEditable = 1;
			outputFiles = (
			);
			script = "# builtin-copyStrings\n";
		};
/* End PBXBuildRule section */

/* Begin PBXContainerItemProxy section */
		29AFF72116C223E80093EAB4 /* PBXContainerItemProxy */ = {
			isa = PBXContainerItemProxy;
			containerPortal = 29AFF70116C223E80093EAB4 /* Project object */;
			proxyType = 1;
			remoteGlobalIDString = 29AFF70916C223E80093EAB4;
			remoteInfo = SSLunarDate;
		};
/* End PBXContainerItemProxy section */

/* Begin PBXCopyFilesBuildPhase section */
		29AFF70816C223E80093EAB4 /* CopyFiles */ = {
			isa = PBXCopyFilesBuildPhase;
			buildActionMask = 2147483647;
			dstPath = "include/${PRODUCT_NAME}";
			dstSubfolderSpec = 16;
			files = (
				29AD3C7816D600AA002E6543 /* SSHolidayManager.h in CopyFiles */,
				2912674016CF846A00FFB202 /* SSLunarDateType.h in CopyFiles */,
				2912673F16CF845900FFB202 /* libLunar.h in CopyFiles */,
				2912673E16CF842F00FFB202 /* SSLunarDateFormatter.h in CopyFiles */,
				29AFF71316C223E80093EAB4 /* SSLunarDate.h in CopyFiles */,
			);
			runOnlyForDeploymentPostprocessing = 0;
		};
		29D5CF5416EA2D850095319A /* CopyFiles */ = {
			isa = PBXCopyFilesBuildPhase;
			buildActionMask = 2147483647;
			dstPath = "";
			dstSubfolderSpec = 7;
			files = (
			);
			runOnlyForDeploymentPostprocessing = 0;
		};
/* End PBXCopyFilesBuildPhase section */

/* Begin PBXFileReference section */
		291266F716CF661200FFB202 /* UIKit.framework */ = {isa = PBXFileReference; lastKnownFileType = wrapper.framework; name = UIKit.framework; path = System/Library/Frameworks/UIKit.framework; sourceTree = SDKROOT; };
		29177BEB16C386F400E66041 /* SSLunarDateType.h */ = {isa = PBXFileReference; lastKnownFileType = sourcecode.c.h; path = SSLunarDateType.h; sourceTree = "<group>"; };
		29177BF416C38B2900E66041 /* en */ = {isa = PBXFileReference; lastKnownFileType = text.plist.strings; name = en; path = en.lproj/LunarDateFormatter.strings; sourceTree = "<group>"; };
		29177BF616C38B5B00E66041 /* zh-Hans */ = {isa = PBXFileReference; lastKnownFileType = text.plist.strings; name = "zh-Hans"; path = "zh-Hans.lproj/LunarDateFormatter.strings"; sourceTree = "<group>"; };
		29177BF716C38B5B00E66041 /* zh-Hans */ = {isa = PBXFileReference; lastKnownFileType = text.plist.strings; name = "zh-Hans"; path = "zh-Hans.lproj/InfoPlist.strings"; sourceTree = "<group>"; };
		29177BF816C38BBF00E66041 /* SSLunarDateFormatter.m */ = {isa = PBXFileReference; fileEncoding = 4; lastKnownFileType = sourcecode.c.objc; path = SSLunarDateFormatter.m; sourceTree = "<group>"; };
		291859F417C9E10F004B4B63 /* SSHolidayTW.h */ = {isa = PBXFileReference; fileEncoding = 4; lastKnownFileType = sourcecode.c.h; path = SSHolidayTW.h; sourceTree = "<group>"; };
		291859F517C9E10F004B4B63 /* SSHolidayTW.m */ = {isa = PBXFileReference; fileEncoding = 4; lastKnownFileType = sourcecode.c.objc; path = SSHolidayTW.m; sourceTree = "<group>"; };
		291859F717CA0523004B4B63 /* SSHolidayCA.h */ = {isa = PBXFileReference; fileEncoding = 4; lastKnownFileType = sourcecode.c.h; path = SSHolidayCA.h; sourceTree = "<group>"; };
		291859F817CA0523004B4B63 /* SSHolidayCA.m */ = {isa = PBXFileReference; fileEncoding = 4; lastKnownFileType = sourcecode.c.objc; path = SSHolidayCA.m; sourceTree = "<group>"; };
		291859FB17CA07B4004B4B63 /* SSHolidayHK.h */ = {isa = PBXFileReference; fileEncoding = 4; lastKnownFileType = sourcecode.c.h; path = SSHolidayHK.h; sourceTree = "<group>"; };
		291859FC17CA07B4004B4B63 /* SSHolidayHK.m */ = {isa = PBXFileReference; fileEncoding = 4; lastKnownFileType = sourcecode.c.objc; path = SSHolidayHK.m; sourceTree = "<group>"; };
		291859FE17CA07C5004B4B63 /* SSHolidayUK.h */ = {isa = PBXFileReference; fileEncoding = 4; lastKnownFileType = sourcecode.c.h; path = SSHolidayUK.h; sourceTree = "<group>"; };
		291859FF17CA07C5004B4B63 /* SSHolidayUK.m */ = {isa = PBXFileReference; fileEncoding = 4; lastKnownFileType = sourcecode.c.objc; path = SSHolidayUK.m; sourceTree = "<group>"; };
		292EE30416EA0DF600A007DC /* zh-Hant */ = {isa = PBXFileReference; lastKnownFileType = text.plist.strings; name = "zh-Hant"; path = "zh-Hant.lproj/LunarDateFormatter.strings"; sourceTree = "<group>"; };
		292EE30516EA0DF600A007DC /* zh-Hant */ = {isa = PBXFileReference; lastKnownFileType = text.plist.strings; name = "zh-Hant"; path = "zh-Hant.lproj/InfoPlist.strings"; sourceTree = "<group>"; };
		29468AAE17C27463001B14D1 /* SSHolidayWest.m */ = {isa = PBXFileReference; fileEncoding = 4; lastKnownFileType = sourcecode.c.objc; path = SSHolidayWest.m; sourceTree = "<group>"; };
		29468AAF17C27464001B14D1 /* SSHolidayWest.h */ = {isa = PBXFileReference; fileEncoding = 4; lastKnownFileType = sourcecode.c.h; path = SSHolidayWest.h; sourceTree = "<group>"; };
		29AAF46E17D4F88500989BE2 /* ja */ = {isa = PBXFileReference; lastKnownFileType = text.plist.strings; name = ja; path = ja.lproj/InfoPlist.strings; sourceTree = "<group>"; };
		29AD3C7016D4F8DF002E6543 /* SSHolidayManager.h */ = {isa = PBXFileReference; fileEncoding = 4; lastKnownFileType = sourcecode.c.h; path = SSHolidayManager.h; sourceTree = "<group>"; };
		29AD3C7116D4F8DF002E6543 /* SSHolidayManager.m */ = {isa = PBXFileReference; fileEncoding = 4; lastKnownFileType = sourcecode.c.objc; path = SSHolidayManager.m; sourceTree = "<group>"; };
		29AD3C7416D4F9DB002E6543 /* SSLunarDateHoliday.h */ = {isa = PBXFileReference; fileEncoding = 4; lastKnownFileType = sourcecode.c.h; path = SSLunarDateHoliday.h; sourceTree = "<group>"; };
		29AD3C7516D4F9DB002E6543 /* SSLunarDateHoliday.m */ = {isa = PBXFileReference; fileEncoding = 4; lastKnownFileType = sourcecode.c.objc; path = SSLunarDateHoliday.m; sourceTree = "<group>"; };
		29AD3C8416D62354002E6543 /* SSHolidayTests.h */ = {isa = PBXFileReference; fileEncoding = 4; lastKnownFileType = sourcecode.c.h; path = SSHolidayTests.h; sourceTree = "<group>"; };
		29AD3C8516D62354002E6543 /* SSHolidayTests.m */ = {isa = PBXFileReference; fileEncoding = 4; lastKnownFileType = sourcecode.c.objc; path = SSHolidayTests.m; sourceTree = "<group>"; };
		29AFF70A16C223E80093EAB4 /* libSSLunarDate.a */ = {isa = PBXFileReference; explicitFileType = archive.ar; includeInIndex = 0; path = libSSLunarDate.a; sourceTree = BUILT_PRODUCTS_DIR; };
		29AFF70D16C223E80093EAB4 /* Foundation.framework */ = {isa = PBXFileReference; lastKnownFileType = wrapper.framework; name = Foundation.framework; path = System/Library/Frameworks/Foundation.framework; sourceTree = SDKROOT; };
		29AFF71116C223E80093EAB4 /* SSLunarDate-Prefix.pch */ = {isa = PBXFileReference; lastKnownFileType = sourcecode.c.h; path = "SSLunarDate-Prefix.pch"; sourceTree = "<group>"; };
		29AFF71216C223E80093EAB4 /* SSLunarDate.h */ = {isa = PBXFileReference; lastKnownFileType = sourcecode.c.h; path = SSLunarDate.h; sourceTree = "<group>"; };
		29AFF71416C223E80093EAB4 /* SSLunarDate.m */ = {isa = PBXFileReference; lastKnownFileType = sourcecode.c.objc; path = SSLunarDate.m; sourceTree = "<group>"; };
		29AFF71B16C223E80093EAB4 /* SSLunarDateTests.octest */ = {isa = PBXFileReference; explicitFileType = wrapper.cfbundle; includeInIndex = 0; path = SSLunarDateTests.octest; sourceTree = BUILT_PRODUCTS_DIR; };
		29AFF71C16C223E80093EAB4 /* SenTestingKit.framework */ = {isa = PBXFileReference; lastKnownFileType = wrapper.framework; name = SenTestingKit.framework; path = Library/Frameworks/SenTestingKit.framework; sourceTree = DEVELOPER_DIR; };
		29AFF72616C223E80093EAB4 /* SSLunarDateTests-Info.plist */ = {isa = PBXFileReference; lastKnownFileType = text.plist.xml; path = "SSLunarDateTests-Info.plist"; sourceTree = "<group>"; };
		29AFF72816C223E80093EAB4 /* en */ = {isa = PBXFileReference; lastKnownFileType = text.plist.strings; name = en; path = en.lproj/InfoPlist.strings; sourceTree = "<group>"; };
		29AFF72A16C223E80093EAB4 /* SSLunarDateTests.h */ = {isa = PBXFileReference; lastKnownFileType = sourcecode.c.h; path = SSLunarDateTests.h; sourceTree = "<group>"; };
		29AFF72B16C223E80093EAB4 /* SSLunarDateTests.m */ = {isa = PBXFileReference; lastKnownFileType = sourcecode.c.objc; path = SSLunarDateTests.m; sourceTree = "<group>"; };
		29AFF73616C226C40093EAB4 /* libLunar.c */ = {isa = PBXFileReference; fileEncoding = 4; lastKnownFileType = sourcecode.c.c; path = libLunar.c; sourceTree = "<group>"; };
		29AFF73D16C2B33B0093EAB4 /* libLunar.h */ = {isa = PBXFileReference; fileEncoding = 4; lastKnownFileType = sourcecode.c.h; path = libLunar.h; sourceTree = "<group>"; };
		29AFF73E16C2C2CB0093EAB4 /* SSLunarDateFormatter.h */ = {isa = PBXFileReference; fileEncoding = 4; lastKnownFileType = sourcecode.c.h; path = SSLunarDateFormatter.h; sourceTree = "<group>"; };
		29F0073617C290E200C867E7 /* SSHolidayWestTestCase.m */ = {isa = PBXFileReference; fileEncoding = 4; lastKnownFileType = sourcecode.c.objc; path = SSHolidayWestTestCase.m; sourceTree = "<group>"; };
		29F0073817C9B00F00C867E7 /* SSHolidayCountry.h */ = {isa = PBXFileReference; fileEncoding = 4; lastKnownFileType = sourcecode.c.h; path = SSHolidayCountry.h; sourceTree = "<group>"; };
		29F0073917C9B00F00C867E7 /* SSHolidayCountry.m */ = {isa = PBXFileReference; fileEncoding = 4; lastKnownFileType = sourcecode.c.objc; path = SSHolidayCountry.m; sourceTree = "<group>"; };
		29F0073B17C9B30E00C867E7 /* SSHolidayChina.h */ = {isa = PBXFileReference; fileEncoding = 4; lastKnownFileType = sourcecode.c.h; path = SSHolidayChina.h; sourceTree = "<group>"; };
		29F0073C17C9B30E00C867E7 /* SSHolidayChina.m */ = {isa = PBXFileReference; fileEncoding = 4; lastKnownFileType = sourcecode.c.objc; path = SSHolidayChina.m; sourceTree = "<group>"; };
		29F0074217C9BCEB00C867E7 /* SSHolidayUS.h */ = {isa = PBXFileReference; fileEncoding = 4; lastKnownFileType = sourcecode.c.h; path = SSHolidayUS.h; sourceTree = "<group>"; };
		29F0074317C9BCEB00C867E7 /* SSHolidayUS.m */ = {isa = PBXFileReference; fileEncoding = 4; lastKnownFileType = sourcecode.c.objc; path = SSHolidayUS.m; sourceTree = "<group>"; };
/* End PBXFileReference section */

/* Begin PBXFrameworksBuildPhase section */
		29AFF70716C223E80093EAB4 /* Frameworks */ = {
			isa = PBXFrameworksBuildPhase;
			buildActionMask = 2147483647;
			files = (
				29AFF70E16C223E80093EAB4 /* Foundation.framework in Frameworks */,
			);
			runOnlyForDeploymentPostprocessing = 0;
		};
		29AFF71716C223E80093EAB4 /* Frameworks */ = {
			isa = PBXFrameworksBuildPhase;
			buildActionMask = 2147483647;
			files = (
				29AFF71D16C223E80093EAB4 /* SenTestingKit.framework in Frameworks */,
				29AFF72016C223E80093EAB4 /* Foundation.framework in Frameworks */,
				29AFF72316C223E80093EAB4 /* libSSLunarDate.a in Frameworks */,
			);
			runOnlyForDeploymentPostprocessing = 0;
		};
/* End PBXFrameworksBuildPhase section */

/* Begin PBXGroup section */
		291859FA17CA0536004B4B63 /* Holidays */ = {
			isa = PBXGroup;
			children = (
				29AD3C7416D4F9DB002E6543 /* SSLunarDateHoliday.h */,
				29AD3C7516D4F9DB002E6543 /* SSLunarDateHoliday.m */,
				29468AAE17C27463001B14D1 /* SSHolidayWest.m */,
				29F0073817C9B00F00C867E7 /* SSHolidayCountry.h */,
				29F0074217C9BCEB00C867E7 /* SSHolidayUS.h */,
				29F0074317C9BCEB00C867E7 /* SSHolidayUS.m */,
				291859F417C9E10F004B4B63 /* SSHolidayTW.h */,
				291859F517C9E10F004B4B63 /* SSHolidayTW.m */,
				29F0073917C9B00F00C867E7 /* SSHolidayCountry.m */,
				29F0073B17C9B30E00C867E7 /* SSHolidayChina.h */,
				291859F717CA0523004B4B63 /* SSHolidayCA.h */,
				291859FB17CA07B4004B4B63 /* SSHolidayHK.h */,
				291859FE17CA07C5004B4B63 /* SSHolidayUK.h */,
				291859FF17CA07C5004B4B63 /* SSHolidayUK.m */,
				291859FC17CA07B4004B4B63 /* SSHolidayHK.m */,
				291859F817CA0523004B4B63 /* SSHolidayCA.m */,
				29F0073C17C9B30E00C867E7 /* SSHolidayChina.m */,
				29468AAF17C27464001B14D1 /* SSHolidayWest.h */,
			);
			name = Holidays;
			sourceTree = "<group>";
		};
		29AFF6FF16C223E80093EAB4 = {
			isa = PBXGroup;
			children = (
				29AFF70F16C223E80093EAB4 /* SSLunarDate */,
				29AFF72416C223E80093EAB4 /* SSLunarDateTests */,
				29AFF70C16C223E80093EAB4 /* Frameworks */,
				29AFF70B16C223E80093EAB4 /* Products */,
			);
			sourceTree = "<group>";
		};
		29AFF70B16C223E80093EAB4 /* Products */ = {
			isa = PBXGroup;
			children = (
				29AFF70A16C223E80093EAB4 /* libSSLunarDate.a */,
				29AFF71B16C223E80093EAB4 /* SSLunarDateTests.octest */,
			);
			name = Products;
			sourceTree = "<group>";
		};
		29AFF70C16C223E80093EAB4 /* Frameworks */ = {
			isa = PBXGroup;
			children = (
				29AFF70D16C223E80093EAB4 /* Foundation.framework */,
				29AFF71C16C223E80093EAB4 /* SenTestingKit.framework */,
				291266F716CF661200FFB202 /* UIKit.framework */,
			);
			name = Frameworks;
			sourceTree = "<group>";
		};
		29AFF70F16C223E80093EAB4 /* SSLunarDate */ = {
			isa = PBXGroup;
			children = (
				291859FA17CA0536004B4B63 /* Holidays */,
				29177BEB16C386F400E66041 /* SSLunarDateType.h */,
				29177BF816C38BBF00E66041 /* SSLunarDateFormatter.m */,
				29AFF73E16C2C2CB0093EAB4 /* SSLunarDateFormatter.h */,
				29AFF71216C223E80093EAB4 /* SSLunarDate.h */,
				29AFF71416C223E80093EAB4 /* SSLunarDate.m */,
				29AD3C7016D4F8DF002E6543 /* SSHolidayManager.h */,
				29AD3C7116D4F8DF002E6543 /* SSHolidayManager.m */,
				29AFF73D16C2B33B0093EAB4 /* libLunar.h */,
				29AFF73616C226C40093EAB4 /* libLunar.c */,
				29AFF71016C223E80093EAB4 /* Supporting Files */,
			);
			path = SSLunarDate;
			sourceTree = "<group>";
		};
		29AFF71016C223E80093EAB4 /* Supporting Files */ = {
			isa = PBXGroup;
			children = (
				29177BF516C38B2900E66041 /* LunarDateFormatter.strings */,
				29AFF71116C223E80093EAB4 /* SSLunarDate-Prefix.pch */,
			);
			name = "Supporting Files";
			sourceTree = "<group>";
		};
		29AFF72416C223E80093EAB4 /* SSLunarDateTests */ = {
			isa = PBXGroup;
			children = (
				29AFF72A16C223E80093EAB4 /* SSLunarDateTests.h */,
				29F0073617C290E200C867E7 /* SSHolidayWestTestCase.m */,
				29AFF72B16C223E80093EAB4 /* SSLunarDateTests.m */,
				29AD3C8416D62354002E6543 /* SSHolidayTests.h */,
				29AD3C8516D62354002E6543 /* SSHolidayTests.m */,
				29AFF72516C223E80093EAB4 /* Supporting Files */,
			);
			path = SSLunarDateTests;
			sourceTree = "<group>";
		};
		29AFF72516C223E80093EAB4 /* Supporting Files */ = {
			isa = PBXGroup;
			children = (
				29AFF72616C223E80093EAB4 /* SSLunarDateTests-Info.plist */,
				29AFF72716C223E80093EAB4 /* InfoPlist.strings */,
			);
			name = "Supporting Files";
			sourceTree = "<group>";
		};
/* End PBXGroup section */

/* Begin PBXNativeTarget section */
		29AFF70916C223E80093EAB4 /* SSLunarDate */ = {
			isa = PBXNativeTarget;
			buildConfigurationList = 29AFF72F16C223E80093EAB4 /* Build configuration list for PBXNativeTarget "SSLunarDate" */;
			buildPhases = (
				29AFF70616C223E80093EAB4 /* Sources */,
				29AFF70716C223E80093EAB4 /* Frameworks */,
				29AFF70816C223E80093EAB4 /* CopyFiles */,
				29D5CF5416EA2D850095319A /* CopyFiles */,
				29D5CF5516EA2D8A0095319A /* ShellScript */,
			);
			buildRules = (
				29D5CF5216EA2D550095319A /* PBXBuildRule */,
			);
			dependencies = (
			);
			name = SSLunarDate;
			productName = SSLunarDate;
			productReference = 29AFF70A16C223E80093EAB4 /* libSSLunarDate.a */;
			productType = "com.apple.product-type.library.static";
		};
		29AFF71A16C223E80093EAB4 /* SSLunarDateTests */ = {
			isa = PBXNativeTarget;
			buildConfigurationList = 29AFF73216C223E80093EAB4 /* Build configuration list for PBXNativeTarget "SSLunarDateTests" */;
			buildPhases = (
				29AFF71616C223E80093EAB4 /* Sources */,
				29AFF71716C223E80093EAB4 /* Frameworks */,
				29AFF71816C223E80093EAB4 /* Resources */,
				29AFF71916C223E80093EAB4 /* ShellScript */,
			);
			buildRules = (
			);
			dependencies = (
				29AFF72216C223E80093EAB4 /* PBXTargetDependency */,
			);
			name = SSLunarDateTests;
			productName = SSLunarDateTests;
			productReference = 29AFF71B16C223E80093EAB4 /* SSLunarDateTests.octest */;
			productType = "com.apple.product-type.bundle";
		};
/* End PBXNativeTarget section */

/* Begin PBXProject section */
		29AFF70116C223E80093EAB4 /* Project object */ = {
			isa = PBXProject;
			attributes = {
				LastUpgradeCheck = 0450;
				ORGANIZATIONNAME = "Jiejing Zhang";
			};
			buildConfigurationList = 29AFF70416C223E80093EAB4 /* Build configuration list for PBXProject "SSLunarDate" */;
			compatibilityVersion = "Xcode 3.2";
			developmentRegion = English;
			hasScannedForEncodings = 0;
			knownRegions = (
				en,
				"zh-Hans",
				"zh-Hant",
				ja,
			);
			mainGroup = 29AFF6FF16C223E80093EAB4;
			productRefGroup = 29AFF70B16C223E80093EAB4 /* Products */;
			projectDirPath = "";
			projectRoot = "";
			targets = (
				29AFF70916C223E80093EAB4 /* SSLunarDate */,
				29AFF71A16C223E80093EAB4 /* SSLunarDateTests */,
			);
		};
/* End PBXProject section */

/* Begin PBXResourcesBuildPhase section */
		29AFF71816C223E80093EAB4 /* Resources */ = {
			isa = PBXResourcesBuildPhase;
			buildActionMask = 2147483647;
			files = (
				29AFF72916C223E80093EAB4 /* InfoPlist.strings in Resources */,
				29D5CF5116EA2D360095319A /* LunarDateFormatter.strings in Resources */,
			);
			runOnlyForDeploymentPostprocessing = 0;
		};
/* End PBXResourcesBuildPhase section */

/* Begin PBXShellScriptBuildPhase section */
		29AFF71916C223E80093EAB4 /* ShellScript */ = {
			isa = PBXShellScriptBuildPhase;
			buildActionMask = 2147483647;
			files = (
			);
			inputPaths = (
			);
			outputPaths = (
			);
			runOnlyForDeploymentPostprocessing = 0;
			shellPath = /bin/sh;
			shellScript = "# Run the unit tests in this test bundle.\n\"${SYSTEM_DEVELOPER_DIR}/Tools/RunUnitTests\"\n";
		};
		29D5CF5516EA2D8A0095319A /* ShellScript */ = {
			isa = PBXShellScriptBuildPhase;
			buildActionMask = 2147483647;
			files = (
			);
			inputPaths = (
			);
			outputPaths = (
			);
			runOnlyForDeploymentPostprocessing = 0;
			shellPath = /bin/sh;
			shellScript = "";
		};
/* End PBXShellScriptBuildPhase section */

/* Begin PBXSourcesBuildPhase section */
		29AFF70616C223E80093EAB4 /* Sources */ = {
			isa = PBXSourcesBuildPhase;
			buildActionMask = 2147483647;
			files = (
				29D5CF5316EA2D700095319A /* SSLunarDateTests-Info.plist in Sources */,
				29AFF71516C223E80093EAB4 /* SSLunarDate.m in Sources */,
				29AFF73716C226C40093EAB4 /* libLunar.c in Sources */,
				291859F617C9E10F004B4B63 /* SSHolidayTW.m in Sources */,
				29F0073A17C9B00F00C867E7 /* SSHolidayCountry.m in Sources */,
				291859FD17CA07B4004B4B63 /* SSHolidayHK.m in Sources */,
				29F0074417C9BCEB00C867E7 /* SSHolidayUS.m in Sources */,
				29F0073D17C9B30E00C867E7 /* SSHolidayChina.m in Sources */,
				29177BF916C38BBF00E66041 /* SSLunarDateFormatter.m in Sources */,
				29AD3C7216D4F8DF002E6543 /* SSHolidayManager.m in Sources */,
				29468AB017C27464001B14D1 /* SSHolidayWest.m in Sources */,
				29AD3C7616D4F9DB002E6543 /* SSLunarDateHoliday.m in Sources */,
				29185A0017CA07C5004B4B63 /* SSHolidayUK.m in Sources */,
				291859F917CA0523004B4B63 /* SSHolidayCA.m in Sources */,
			);
			runOnlyForDeploymentPostprocessing = 0;
		};
		29AFF71616C223E80093EAB4 /* Sources */ = {
			isa = PBXSourcesBuildPhase;
			buildActionMask = 2147483647;
			files = (
				29468AB317C28338001B14D1 /* SSHolidayWest.m in Sources */,
				29AFF73A16C227550093EAB4 /* SSLunarDate.m in Sources */,
				29AFF73B16C227550093EAB4 /* libLunar.c in Sources */,
				29AFF72C16C223E80093EAB4 /* SSLunarDateTests.m in Sources */,
				29177BFA16C38BBF00E66041 /* SSLunarDateFormatter.m in Sources */,
				29AD3C7316D4F8DF002E6543 /* SSHolidayManager.m in Sources */,
				29AD3C7716D4F9DB002E6543 /* SSLunarDateHoliday.m in Sources */,
				29AD3C8616D62354002E6543 /* SSHolidayTests.m in Sources */,
				29F0073717C290E200C867E7 /* SSHolidayWestTestCase.m in Sources */,
			);
			runOnlyForDeploymentPostprocessing = 0;
		};
/* End PBXSourcesBuildPhase section */

/* Begin PBXTargetDependency section */
		29AFF72216C223E80093EAB4 /* PBXTargetDependency */ = {
			isa = PBXTargetDependency;
			target = 29AFF70916C223E80093EAB4 /* SSLunarDate */;
			targetProxy = 29AFF72116C223E80093EAB4 /* PBXContainerItemProxy */;
		};
/* End PBXTargetDependency section */

/* Begin PBXVariantGroup section */
		29177BF516C38B2900E66041 /* LunarDateFormatter.strings */ = {
			isa = PBXVariantGroup;
			children = (
				29177BF416C38B2900E66041 /* en */,
				29177BF616C38B5B00E66041 /* zh-Hans */,
				292EE30416EA0DF600A007DC /* zh-Hant */,
			);
			name = LunarDateFormatter.strings;
			sourceTree = "<group>";
		};
		29AFF72716C223E80093EAB4 /* InfoPlist.strings */ = {
			isa = PBXVariantGroup;
			children = (
				29AFF72816C223E80093EAB4 /* en */,
				29177BF716C38B5B00E66041 /* zh-Hans */,
				292EE30516EA0DF600A007DC /* zh-Hant */,
				29AAF46E17D4F88500989BE2 /* ja */,
			);
			name = InfoPlist.strings;
			sourceTree = "<group>";
		};
/* End PBXVariantGroup section */

/* Begin XCBuildConfiguration section */
		29AFF72D16C223E80093EAB4 /* Debug */ = {
			isa = XCBuildConfiguration;
			buildSettings = {
				ALWAYS_SEARCH_USER_PATHS = NO;
				CLANG_CXX_LANGUAGE_STANDARD = "gnu++0x";
				CLANG_CXX_LIBRARY = "libc++";
				CLANG_ENABLE_OBJC_ARC = YES;
				CLANG_WARN_EMPTY_BODY = YES;
				CLANG_WARN__DUPLICATE_METHOD_MATCH = YES;
				COPY_PHASE_STRIP = NO;
				GCC_C_LANGUAGE_STANDARD = gnu99;
				GCC_DYNAMIC_NO_PIC = NO;
				GCC_OPTIMIZATION_LEVEL = 0;
				GCC_PREPROCESSOR_DEFINITIONS = (
					"DEBUG=1",
					"$(inherited)",
				);
				GCC_SYMBOLS_PRIVATE_EXTERN = NO;
				GCC_WARN_ABOUT_RETURN_TYPE = YES;
				GCC_WARN_UNINITIALIZED_AUTOS = YES;
				GCC_WARN_UNUSED_VARIABLE = YES;
				IPHONEOS_DEPLOYMENT_TARGET = 5.1;
				ONLY_ACTIVE_ARCH = YES;
				SDKROOT = iphoneos;
			};
			name = Debug;
		};
		29AFF72E16C223E80093EAB4 /* Release */ = {
			isa = XCBuildConfiguration;
			buildSettings = {
				ALWAYS_SEARCH_USER_PATHS = NO;
				CLANG_CXX_LANGUAGE_STANDARD = "gnu++0x";
				CLANG_CXX_LIBRARY = "libc++";
				CLANG_ENABLE_OBJC_ARC = YES;
				CLANG_WARN_EMPTY_BODY = YES;
				CLANG_WARN__DUPLICATE_METHOD_MATCH = YES;
				COPY_PHASE_STRIP = YES;
				GCC_C_LANGUAGE_STANDARD = gnu99;
				GCC_WARN_ABOUT_RETURN_TYPE = YES;
				GCC_WARN_UNINITIALIZED_AUTOS = YES;
				GCC_WARN_UNUSED_VARIABLE = YES;
				IPHONEOS_DEPLOYMENT_TARGET = 5.1;
				SDKROOT = iphoneos;
				VALIDATE_PRODUCT = YES;
			};
			name = Release;
		};
		29AFF73016C223E80093EAB4 /* Debug */ = {
			isa = XCBuildConfiguration;
			buildSettings = {
				DSTROOT = /tmp/SSLunarDate.dst;
				GCC_PRECOMPILE_PREFIX_HEADER = YES;
				GCC_PREFIX_HEADER = "SSLunarDate/SSLunarDate-Prefix.pch";
				ONLY_ACTIVE_ARCH = NO;
				OTHER_LDFLAGS = "-ObjC";
				PRODUCT_NAME = "$(TARGET_NAME)";
				SKIP_INSTALL = YES;
			};
			name = Debug;
		};
		29AFF73116C223E80093EAB4 /* Release */ = {
			isa = XCBuildConfiguration;
			buildSettings = {
				DSTROOT = /tmp/SSLunarDate.dst;
				GCC_PRECOMPILE_PREFIX_HEADER = YES;
				GCC_PREFIX_HEADER = "SSLunarDate/SSLunarDate-Prefix.pch";
				ONLY_ACTIVE_ARCH = NO;
				OTHER_LDFLAGS = "-ObjC";
				PRODUCT_NAME = "$(TARGET_NAME)";
				SKIP_INSTALL = YES;
			};
			name = Release;
		};
		29AFF73316C223E80093EAB4 /* Debug */ = {
			isa = XCBuildConfiguration;
			buildSettings = {
				FRAMEWORK_SEARCH_PATHS = (
					"$(SDKROOT)/Developer/Library/Frameworks",
					"$(DEVELOPER_LIBRARY_DIR)/Frameworks",
				);
				GCC_PRECOMPILE_PREFIX_HEADER = YES;
				GCC_PREFIX_HEADER = "SSLunarDate/SSLunarDate-Prefix.pch";
				INFOPLIST_FILE = "SSLunarDateTests/SSLunarDateTests-Info.plist";
				PRODUCT_NAME = "$(TARGET_NAME)";
				"TEST_HOST[sdk=iphonesimulator*]" = "";
				"TEST_RIG[sdk=*]" = "";
				WRAPPER_EXTENSION = octest;
			};
			name = Debug;
		};
		29AFF73416C223E80093EAB4 /* Release */ = {
			isa = XCBuildConfiguration;
			buildSettings = {
				FRAMEWORK_SEARCH_PATHS = (
					"$(DEVELOPER_FRAMEWORKS_DIR)",
					"$(DEVELOPER_LIBRARY_DIR)/Frameworks",
					"$(SDKROOT)/Developer/Library/Frameworks",
				);
				GCC_PRECOMPILE_PREFIX_HEADER = YES;
				GCC_PREFIX_HEADER = "SSLunarDate/SSLunarDate-Prefix.pch";
				INFOPLIST_FILE = "SSLunarDateTests/SSLunarDateTests-Info.plist";
				PRODUCT_NAME = "$(TARGET_NAME)";
				"TEST_HOST[sdk=iphonesimulator*]" = "";
				WRAPPER_EXTENSION = octest;
			};
			name = Release;
		};
/* End XCBuildConfiguration section */

/* Begin XCConfigurationList section */
		29AFF70416C223E80093EAB4 /* Build configuration list for PBXProject "SSLunarDate" */ = {
			isa = XCConfigurationList;
			buildConfigurations = (
				29AFF72D16C223E80093EAB4 /* Debug */,
				29AFF72E16C223E80093EAB4 /* Release */,
			);
			defaultConfigurationIsVisible = 0;
			defaultConfigurationName = Release;
		};
		29AFF72F16C223E80093EAB4 /* Build configuration list for PBXNativeTarget "SSLunarDate" */ = {
			isa = XCConfigurationList;
			buildConfigurations = (
				29AFF73016C223E80093EAB4 /* Debug */,
				29AFF73116C223E80093EAB4 /* Release */,
			);
			defaultConfigurationIsVisible = 0;
			defaultConfigurationName = Release;
		};
		29AFF73216C223E80093EAB4 /* Build configuration list for PBXNativeTarget "SSLunarDateTests" */ = {
			isa = XCConfigurationList;
			buildConfigurations = (
				29AFF73316C223E80093EAB4 /* Debug */,
				29AFF73416C223E80093EAB4 /* Release */,
			);
			defaultConfigurationIsVisible = 0;
			defaultConfigurationName = Release;
		};
/* End XCConfigurationList section */
	};
	rootObject = 29AFF70116C223E80093EAB4 /* Project object */;
}
